PODS:
  - LiquidFloatingActionButton (2.1.0)
  - SnapKit (5.0.1)

DEPENDENCIES:
  - LiquidFloatingActionButton (from `../`)
  - SnapKit (~> 5.0)

SPEC REPOS:
  https://github.com/CocoaPods/Specs.git:
    - SnapKit

EXTERNAL SOURCES:
  LiquidFloatingActionButton:
    :path: "../"

SPEC CHECKSUMS:
  LiquidFloatingActionButton: 5f659e617424cc5a4076cf931b64ebd7b62b8534
  SnapKit: 97b92857e3df3a0c71833cce143274bf6ef8e5eb

PODFILE CHECKSUM: 6700f12e9e802df2dc0201955e9d842474703569

COCOAPODS: 1.11.2
